# THIS IS AN AUTOGENERATED FILE. DO NOT EDIT THIS FILE DIRECTLY.
# yarn lockfile v1


"@babel/runtime@^7.8.7":
  version "7.9.2"
  resolved "https://registry.yarnpkg.com/@babel/runtime/-/runtime-7.9.2.tgz#d90df0583a3a252f09aaa619665367bae518db06"
  integrity sha512-NE2DtOdufG7R5vnfQUTehdTfNycfUANEtCa9PssN9O/xmTzP4E08UI797ixaei6hBEVL9BI/PsdJS5x7mWoB9Q==
  dependencies:
    regenerator-runtime "^0.13.4"

"@theme-ui/color@^0.3.1":
  version "0.3.1"
  resolved "https://registry.yarnpkg.com/@theme-ui/color/-/color-0.3.1.tgz#fceffc0be305ad6ca6be9755ac9cafc955b1e6f5"
  integrity sha512-Bgew6etspp087AdrKuMpcWjIQDQ8UTp28wtHCXgi1Ip5ClFn9i91DvaKgqXk9UwQJFL/IwydX8Bks/+u9tf0WA==
  dependencies:
    "@theme-ui/css" "^0.3.1"
    polished "^3.4.1"

"@theme-ui/css@^0.3.1":
  version "0.3.1"
  resolved "https://registry.yarnpkg.com/@theme-ui/css/-/css-0.3.1.tgz#b85c7e8fae948dc0de65aa30b853368993e25cb3"
  integrity sha512-QB2/fZBpo4inaLHL3OrB8NOBgNfwnj8GtHzXWHb9iQSRjmtNX8zPXBe32jLT7qQP0+y8JxPT4YChZIkm5ZyIdg==

polished@^3.4.1:
  version "3.5.2"
  resolved "https://registry.yarnpkg.com/polished/-/polished-3.5.2.tgz#ca132b8cd68f7ffa95ae9d423f03e7a14fda1062"
  integrity sha512-vWoRDg3gY5RQBtUfcj9MRN10VCIf4EkdUikGxyXItg2Hnwk+eIVtdBiLajN0ldFeT3Vq4r/QNbjrQdhqBKrTug==
  dependencies:
    "@babel/runtime" "^7.8.7"

regenerator-runtime@^0.13.4:
  version "0.13.5"
  resolved "https://registry.yarnpkg.com/regenerator-runtime/-/regenerator-runtime-0.13.5.tgz#d878a1d094b4306d10b9096484b33ebd55e26697"
  integrity sha512-ZS5w8CpKFinUzOwW3c83oPeVXoNsrLsaCoLtJvAClH135j/R77RuymhiSErhm2lKcwSCIpmvIWSbDkIfAqKQlA==
